{
  "name": "SA",
  "lockfileVersion": 2,
  "requires": true,
  "packages": {
    "": {
      "dependencies": {
        "sweetalert2": "^11.4.0"
      }
    },
    "node_modules/sweetalert2": {
      "version": "11.4.0",
      "resolved": "https://registry.npmjs.org/sweetalert2/-/sweetalert2-11.4.0.tgz",
      "integrity": "sha512-+p0jT2LxUQGreWa60j7nm1frJfqbcmamZcpZi4puEGAJ0CmyPqQ4UGmBqbB4WxkJYKsn8qcOA9ufqn0MWtQWLQ==",
      "funding": {
        "url": "https://sweetalert2.github.io/#donations"
      }
    }
  },
  "dependencies": {
    "sweetalert2": {
      "version": "11.4.0",
      "resolved": "https://registry.npmjs.org/sweetalert2/-/sweetalert2-11.4.0.tgz",
      "integrity": "sha512-+p0jT2LxUQGreWa60j7nm1frJfqbcmamZcpZi4puEGAJ0CmyPqQ4UGmBqbB4WxkJYKsn8qcOA9ufqn0MWtQWLQ=="
    }
  }
}
